
Microsoft Visual Studio Solution File, Format Version 12.00
# Visual Studio 2012
Project("{FAE04EC0-301F-11D3-BF4B-00C04F79EFBC}") = "MortageCalculatorApp2", "MortageCalculatorApp2\MortageCalculatorApp2.csproj", "{09F4D6A4-C255-4570-B9FC-13F3B18DC22E}"
EndProject
Global
	GlobalSection(SolutionConfigurationPlatforms) = preSolution
		Debug|Any CPU = Debug|Any CPU
		Release|Any CPU = Release|Any CPU
	EndGlobalSection
	GlobalSection(ProjectConfigurationPlatforms) = postSolution
		{09F4D6A4-C255-4570-B9FC-13F3B18DC22E}.Debug|Any CPU.ActiveCfg = Debug|Any CPU
		{09F4D6A4-C255-4570-B9FC-13F3B18DC22E}.Debug|Any CPU.Build.0 = Debug|Any CPU
		{09F4D6A4-C255-4570-B9FC-13F3B18DC22E}.Release|Any CPU.ActiveCfg = Release|Any CPU
		{09F4D6A4-C255-4570-B9FC-13F3B18DC22E}.Release|Any CPU.Build.0 = Release|Any CPU
	EndGlobalSection
	GlobalSection(SolutionProperties) = preSolution
		HideSolutionNode = FALSE
	EndGlobalSection
EndGlobal
